Microsoft Visual Studio Solution File, Format Version 12.00
# Visual Studio 15
VisualStudioVersion = 15.0.27004.2005
MinimumVisualStudioVersion = 15.0.26124.0
Project("{2150E333-8FDC-42A3-9474-1A3956D46DE8}") = "Libraries", "Libraries", "{5537B4B0-58EC-4114-81FD-FF746DD37CBC}"
EndProject
Project("{9A19103F-16F7-4668-BE54-9A1E7A4F7556}") = "microCommerce.Caching", "Libraries\microCommerce.Caching\microCommerce.Caching.csproj", "{DB667254-9B0B-4DFD-A3B8-338450075CCC}"
EndProject
Project("{9A19103F-16F7-4668-BE54-9A1E7A4F7556}") = "microCommerce.Common", "Libraries\microCommerce.Common\microCommerce.Common.csproj", "{52E863DF-E085-4B69-A801-5380826D9A19}"
EndProject
Project("{9A19103F-16F7-4668-BE54-9A1E7A4F7556}") = "microCommerce.Dapper", "Libraries\microCommerce.Dapper\microCommerce.Dapper.csproj", "{54146D70-DF2F-4A82-8905-AB2FB727510B}"
EndProject
Project("{9A19103F-16F7-4668-BE54-9A1E7A4F7556}") = "microCommerce.Domain", "Libraries\microCommerce.Domain\microCommerce.Domain.csproj", "{50467727-CCA7-484B-B811-8E364C12B236}"
EndProject
Project("{9A19103F-16F7-4668-BE54-9A1E7A4F7556}") = "microCommerce.Ioc", "Libraries\microCommerce.Ioc\microCommerce.Ioc.csproj", "{5AB47785-2D01-4D63-8D5F-41554BE2AAB0}"
EndProject
Project("{9A19103F-16F7-4668-BE54-9A1E7A4F7556}") = "microCommerce.Localization", "Libraries\microCommerce.Localization\microCommerce.Localization.csproj", "{F9397EEB-40F3-4332-AC46-5E2475543D01}"
EndProject
Project("{9A19103F-16F7-4668-BE54-9A1E7A4F7556}") = "microCommerce.Logging", "Libraries\microCommerce.Logging\microCommerce.Logging.csproj", "{3B8FA757-7FC9-4E13-B5F8-96FBBB07CFAB}"
EndProject
Project("{9A19103F-16F7-4668-BE54-9A1E7A4F7556}") = "microCommerce.Module.Core", "Libraries\microCommerce.Module.Core\microCommerce.Module.Core.csproj", "{A8E0C9DB-D524-4987-8A15-0CDA84450507}"
EndProject
Project("{9A19103F-16F7-4668-BE54-9A1E7A4F7556}") = "microCommerce.MongoDb", "Libraries\microCommerce.MongoDb\microCommerce.MongoDb.csproj", "{40D14890-F646-40C2-A178-CC592A801FDE}"
EndProject
Project("{9A19103F-16F7-4668-BE54-9A1E7A4F7556}") = "microCommerce.Mvc", "Libraries\microCommerce.Mvc\microCommerce.Mvc.csproj", "{B7ECFD8D-E3B8-4F78-916D-CE26F67CCB30}"
EndProject
Project("{9A19103F-16F7-4668-BE54-9A1E7A4F7556}") = "microCommerce.Redis", "Libraries\microCommerce.Redis\microCommerce.Redis.csproj", "{1347176F-9124-45B1-AED7-636357667249}"
EndProject
Project("{2150E333-8FDC-42A3-9474-1A3956D46DE8}") = "Presentations", "Presentations", "{B9711587-6B15-4186-AE0C-41A55AD9DC23}"
EndProject
Project("{9A19103F-16F7-4668-BE54-9A1E7A4F7556}") = "microCommerce.Admin", "Presentations\microCommerce.Admin\microCommerce.Admin.csproj", "{5E726C79-E2AC-4771-B68C-33E07263C64D}"
EndProject
Project("{9A19103F-16F7-4668-BE54-9A1E7A4F7556}") = "microCommerce.Web", "Presentations\microCommerce.Web\microCommerce.Web.csproj", "{21789505-1138-4308-A9BF-D7B659834F0C}"
EndProject
Project("{2150E333-8FDC-42A3-9474-1A3956D46DE8}") = "Services", "Services", "{D77AAE28-F4BE-48EF-B8E3-226BE905C457}"
EndProject
Project("{9A19103F-16F7-4668-BE54-9A1E7A4F7556}") = "microCommerce.BasketApi", "Services\microCommerce.BasketApi\microCommerce.BasketApi.csproj", "{A9F04C7D-481E-485B-98F2-549D81EF5BA0}"
EndProject
Project("{9A19103F-16F7-4668-BE54-9A1E7A4F7556}") = "microCommerce.CategoryApi", "Services\microCommerce.CategoryApi\microCommerce.CategoryApi.csproj", "{C57E3A35-DC80-4B9E-9A18-D4CB7BE8FFEE}"
EndProject
Project("{9A19103F-16F7-4668-BE54-9A1E7A4F7556}") = "microCommerce.CheckoutApi", "Services\microCommerce.CheckoutApi\microCommerce.CheckoutApi.csproj", "{6E915F5E-9D08-4A20-A605-36DACB1E4806}"
EndProject
Project("{9A19103F-16F7-4668-BE54-9A1E7A4F7556}") = "microCommerce.CustomerApi", "Services\microCommerce.CustomerApi\microCommerce.CustomerApi.csproj", "{E91961D2-D23E-48E6-BCB0-16ADA8B6FA02}"
EndProject
Project("{9A19103F-16F7-4668-BE54-9A1E7A4F7556}") = "microCommerce.DirectoryApi", "Services\microCommerce.DirectoryApi\microCommerce.DirectoryApi.csproj", "{6F597BF9-D44E-422E-B361-AD02D51F07AC}"
EndProject
Project("{9A19103F-16F7-4668-BE54-9A1E7A4F7556}") = "microCommerce.GeoLocationApi", "Services\microCommerce.GeoLocationApi\microCommerce.GeoLocationApi.csproj", "{99CF02F9-0DCA-457B-9317-B8DBF4DBDC69}"
EndProject
Project("{9A19103F-16F7-4668-BE54-9A1E7A4F7556}") = "microCommerce.MediaApi", "Services\microCommerce.MediaApi\microCommerce.MediaApi.csproj", "{D09FD6E6-1EA4-4BCC-AC85-0CBD9C5F0653}"
EndProject
Project("{9A19103F-16F7-4668-BE54-9A1E7A4F7556}") = "microCommerce.OrderApi", "Services\microCommerce.OrderApi\microCommerce.OrderApi.csproj", "{4FF57F4D-44F0-421E-B103-D5A6A1F8238C}"
EndProject
Project("{9A19103F-16F7-4668-BE54-9A1E7A4F7556}") = "microCommerce.ProductApi", "Services\microCommerce.ProductApi\microCommerce.ProductApi.csproj", "{82286CC1-557E-46B5-8725-568EEED7C725}"
EndProject
Project("{9A19103F-16F7-4668-BE54-9A1E7A4F7556}") = "microCommerce.ShippingApi", "Services\microCommerce.ShippingApi\microCommerce.ShippingApi.csproj", "{71F16060-95F4-44DF-839D-DF8D25B037D9}"
EndProject
Project("{9A19103F-16F7-4668-BE54-9A1E7A4F7556}") = "microCommerce.RabbitMQ", "Libraries\microCommerce.RabbitMQ\microCommerce.RabbitMQ.csproj", "{C3636D97-3FA2-4843-9AF6-EAF416DF0249}"
EndProject
Project("{9A19103F-16F7-4668-BE54-9A1E7A4F7556}") = "microCommerce.ElasticSearch", "Libraries\microCommerce.ElasticSearch\microCommerce.ElasticSearch.csproj", "{115D1F18-DB7F-462D-B6C1-B116173549C3}"
EndProject
Project("{9A19103F-16F7-4668-BE54-9A1E7A4F7556}") = "microCommerce.HealthChecks", "Libraries\microCommerce.HealthChecks\microCommerce.HealthChecks.csproj", "{1EC833ED-B2B9-43EF-95CF-8F4863D5FB08}"
EndProject
Project("{9A19103F-16F7-4668-BE54-9A1E7A4F7556}") = "microCommerce.IdentityApi", "Services\microCommerce.IdentityApi\microCommerce.IdentityApi.csproj", "{B7EC4EDD-851E-45CE-8B52-75E887003399}"
EndProject
Project("{FAE04EC0-301F-11D3-BF4B-00C04F79EFBC}") = "microCommerce.Setting", "Libraries\microCommerce.Setting\microCommerce.Setting.csproj", "{AD721340-7616-48E0-B1F2-BAB9D8BAA485}"
EndProject
Global
	GlobalSection(SolutionConfigurationPlatforms) = preSolution
		Debug|Any CPU = Debug|Any CPU
		Debug|x64 = Debug|x64
		Debug|x86 = Debug|x86
		Release|Any CPU = Release|Any CPU
		Release|x64 = Release|x64
		Release|x86 = Release|x86
	EndGlobalSection
	GlobalSection(ProjectConfigurationPlatforms) = postSolution
		{DB667254-9B0B-4DFD-A3B8-338450075CCC}.Debug|Any CPU.ActiveCfg = Debug|Any CPU
		{DB667254-9B0B-4DFD-A3B8-338450075CCC}.Debug|Any CPU.Build.0 = Debug|Any CPU
		{DB667254-9B0B-4DFD-A3B8-338450075CCC}.Debug|x64.ActiveCfg = Debug|Any CPU
		{DB667254-9B0B-4DFD-A3B8-338450075CCC}.Debug|x64.Build.0 = Debug|Any CPU
		{DB667254-9B0B-4DFD-A3B8-338450075CCC}.Debug|x86.ActiveCfg = Debug|Any CPU
		{DB667254-9B0B-4DFD-A3B8-338450075CCC}.Debug|x86.Build.0 = Debug|Any CPU
		{DB667254-9B0B-4DFD-A3B8-338450075CCC}.Release|Any CPU.ActiveCfg = Release|Any CPU
		{DB667254-9B0B-4DFD-A3B8-338450075CCC}.Release|Any CPU.Build.0 = Release|Any CPU
		{DB667254-9B0B-4DFD-A3B8-338450075CCC}.Release|x64.ActiveCfg = Release|Any CPU
		{DB667254-9B0B-4DFD-A3B8-338450075CCC}.Release|x64.Build.0 = Release|Any CPU
		{DB667254-9B0B-4DFD-A3B8-338450075CCC}.Release|x86.ActiveCfg = Release|Any CPU
		{DB667254-9B0B-4DFD-A3B8-338450075CCC}.Release|x86.Build.0 = Release|Any CPU
		{52E863DF-E085-4B69-A801-5380826D9A19}.Debug|Any CPU.ActiveCfg = Debug|Any CPU
		{52E863DF-E085-4B69-A801-5380826D9A19}.Debug|Any CPU.Build.0 = Debug|Any CPU
		{52E863DF-E085-4B69-A801-5380826D9A19}.Debug|x64.ActiveCfg = Debug|Any CPU
		{52E863DF-E085-4B69-A801-5380826D9A19}.Debug|x64.Build.0 = Debug|Any CPU
		{52E863DF-E085-4B69-A801-5380826D9A19}.Debug|x86.ActiveCfg = Debug|Any CPU
		{52E863DF-E085-4B69-A801-5380826D9A19}.Debug|x86.Build.0 = Debug|Any CPU
		{52E863DF-E085-4B69-A801-5380826D9A19}.Release|Any CPU.ActiveCfg = Release|Any CPU
		{52E863DF-E085-4B69-A801-5380826D9A19}.Release|Any CPU.Build.0 = Release|Any CPU
		{52E863DF-E085-4B69-A801-5380826D9A19}.Release|x64.ActiveCfg = Release|Any CPU
		{52E863DF-E085-4B69-A801-5380826D9A19}.Release|x64.Build.0 = Release|Any CPU
		{52E863DF-E085-4B69-A801-5380826D9A19}.Release|x86.ActiveCfg = Release|Any CPU
		{52E863DF-E085-4B69-A801-5380826D9A19}.Release|x86.Build.0 = Release|Any CPU
		{54146D70-DF2F-4A82-8905-AB2FB727510B}.Debug|Any CPU.ActiveCfg = Debug|Any CPU
		{54146D70-DF2F-4A82-8905-AB2FB727510B}.Debug|Any CPU.Build.0 = Debug|Any CPU
		{54146D70-DF2F-4A82-8905-AB2FB727510B}.Debug|x64.ActiveCfg = Debug|Any CPU
		{54146D70-DF2F-4A82-8905-AB2FB727510B}.Debug|x64.Build.0 = Debug|Any CPU
		{54146D70-DF2F-4A82-8905-AB2FB727510B}.Debug|x86.ActiveCfg = Debug|Any CPU
		{54146D70-DF2F-4A82-8905-AB2FB727510B}.Debug|x86.Build.0 = Debug|Any CPU
		{54146D70-DF2F-4A82-8905-AB2FB727510B}.Release|Any CPU.ActiveCfg = Release|Any CPU
		{54146D70-DF2F-4A82-8905-AB2FB727510B}.Release|Any CPU.Build.0 = Release|Any CPU
		{54146D70-DF2F-4A82-8905-AB2FB727510B}.Release|x64.ActiveCfg = Release|Any CPU
		{54146D70-DF2F-4A82-8905-AB2FB727510B}.Release|x64.Build.0 = Release|Any CPU
		{54146D70-DF2F-4A82-8905-AB2FB727510B}.Release|x86.ActiveCfg = Release|Any CPU
		{54146D70-DF2F-4A82-8905-AB2FB727510B}.Release|x86.Build.0 = Release|Any CPU
		{50467727-CCA7-484B-B811-8E364C12B236}.Debug|Any CPU.ActiveCfg = Debug|Any CPU
		{50467727-CCA7-484B-B811-8E364C12B236}.Debug|Any CPU.Build.0 = Debug|Any CPU
		{50467727-CCA7-484B-B811-8E364C12B236}.Debug|x64.ActiveCfg = Debug|Any CPU
		{50467727-CCA7-484B-B811-8E364C12B236}.Debug|x64.Build.0 = Debug|Any CPU
		{50467727-CCA7-484B-B811-8E364C12B236}.Debug|x86.ActiveCfg = Debug|Any CPU
		{50467727-CCA7-484B-B811-8E364C12B236}.Debug|x86.Build.0 = Debug|Any CPU
		{50467727-CCA7-484B-B811-8E364C12B236}.Release|Any CPU.ActiveCfg = Release|Any CPU
		{50467727-CCA7-484B-B811-8E364C12B236}.Release|Any CPU.Build.0 = Release|Any CPU
		{50467727-CCA7-484B-B811-8E364C12B236}.Release|x64.ActiveCfg = Release|Any CPU
		{50467727-CCA7-484B-B811-8E364C12B236}.Release|x64.Build.0 = Release|Any CPU
		{50467727-CCA7-484B-B811-8E364C12B236}.Release|x86.ActiveCfg = Release|Any CPU
		{50467727-CCA7-484B-B811-8E364C12B236}.Release|x86.Build.0 = Release|Any CPU
		{5AB47785-2D01-4D63-8D5F-41554BE2AAB0}.Debug|Any CPU.ActiveCfg = Debug|Any CPU
		{5AB47785-2D01-4D63-8D5F-41554BE2AAB0}.Debug|Any CPU.Build.0 = Debug|Any CPU
		{5AB47785-2D01-4D63-8D5F-41554BE2AAB0}.Debug|x64.ActiveCfg = Debug|Any CPU
		{5AB47785-2D01-4D63-8D5F-41554BE2AAB0}.Debug|x64.Build.0 = Debug|Any CPU
		{5AB47785-2D01-4D63-8D5F-41554BE2AAB0}.Debug|x86.ActiveCfg = Debug|Any CPU
		{5AB47785-2D01-4D63-8D5F-41554BE2AAB0}.Debug|x86.Build.0 = Debug|Any CPU
		{5AB47785-2D01-4D63-8D5F-41554BE2AAB0}.Release|Any CPU.ActiveCfg = Release|Any CPU
		{5AB47785-2D01-4D63-8D5F-41554BE2AAB0}.Release|Any CPU.Build.0 = Release|Any CPU
		{5AB47785-2D01-4D63-8D5F-41554BE2AAB0}.Release|x64.ActiveCfg = Release|Any CPU
		{5AB47785-2D01-4D63-8D5F-41554BE2AAB0}.Release|x64.Build.0 = Release|Any CPU
		{5AB47785-2D01-4D63-8D5F-41554BE2AAB0}.Release|x86.ActiveCfg = Release|Any CPU
		{5AB47785-2D01-4D63-8D5F-41554BE2AAB0}.Release|x86.Build.0 = Release|Any CPU
		{F9397EEB-40F3-4332-AC46-5E2475543D01}.Debug|Any CPU.ActiveCfg = Debug|Any CPU
		{F9397EEB-40F3-4332-AC46-5E2475543D01}.Debug|Any CPU.Build.0 = Debug|Any CPU
		{F9397EEB-40F3-4332-AC46-5E2475543D01}.Debug|x64.ActiveCfg = Debug|Any CPU
		{F9397EEB-40F3-4332-AC46-5E2475543D01}.Debug|x64.Build.0 = Debug|Any CPU
		{F9397EEB-40F3-4332-AC46-5E2475543D01}.Debug|x86.ActiveCfg = Debug|Any CPU
		{F9397EEB-40F3-4332-AC46-5E2475543D01}.Debug|x86.Build.0 = Debug|Any CPU
		{F9397EEB-40F3-4332-AC46-5E2475543D01}.Release|Any CPU.ActiveCfg = Release|Any CPU
		{F9397EEB-40F3-4332-AC46-5E2475543D01}.Release|Any CPU.Build.0 = Release|Any CPU
		{F9397EEB-40F3-4332-AC46-5E2475543D01}.Release|x64.ActiveCfg = Release|Any CPU
		{F9397EEB-40F3-4332-AC46-5E2475543D01}.Release|x64.Build.0 = Release|Any CPU
		{F9397EEB-40F3-4332-AC46-5E2475543D01}.Release|x86.ActiveCfg = Release|Any CPU
		{F9397EEB-40F3-4332-AC46-5E2475543D01}.Release|x86.Build.0 = Release|Any CPU
		{3B8FA757-7FC9-4E13-B5F8-96FBBB07CFAB}.Debug|Any CPU.ActiveCfg = Debug|Any CPU
		{3B8FA757-7FC9-4E13-B5F8-96FBBB07CFAB}.Debug|Any CPU.Build.0 = Debug|Any CPU
		{3B8FA757-7FC9-4E13-B5F8-96FBBB07CFAB}.Debug|x64.ActiveCfg = Debug|Any CPU
		{3B8FA757-7FC9-4E13-B5F8-96FBBB07CFAB}.Debug|x64.Build.0 = Debug|Any CPU
		{3B8FA757-7FC9-4E13-B5F8-96FBBB07CFAB}.Debug|x86.ActiveCfg = Debug|Any CPU
		{3B8FA757-7FC9-4E13-B5F8-96FBBB07CFAB}.Debug|x86.Build.0 = Debug|Any CPU
		{3B8FA757-7FC9-4E13-B5F8-96FBBB07CFAB}.Release|Any CPU.ActiveCfg = Release|Any CPU
		{3B8FA757-7FC9-4E13-B5F8-96FBBB07CFAB}.Release|Any CPU.Build.0 = Release|Any CPU
		{3B8FA757-7FC9-4E13-B5F8-96FBBB07CFAB}.Release|x64.ActiveCfg = Release|Any CPU
		{3B8FA757-7FC9-4E13-B5F8-96FBBB07CFAB}.Release|x64.Build.0 = Release|Any CPU
		{3B8FA757-7FC9-4E13-B5F8-96FBBB07CFAB}.Release|x86.ActiveCfg = Release|Any CPU
		{3B8FA757-7FC9-4E13-B5F8-96FBBB07CFAB}.Release|x86.Build.0 = Release|Any CPU
		{A8E0C9DB-D524-4987-8A15-0CDA84450507}.Debug|Any CPU.ActiveCfg = Debug|Any CPU
		{A8E0C9DB-D524-4987-8A15-0CDA84450507}.Debug|Any CPU.Build.0 = Debug|Any CPU
		{A8E0C9DB-D524-4987-8A15-0CDA84450507}.Debug|x64.ActiveCfg = Debug|Any CPU
		{A8E0C9DB-D524-4987-8A15-0CDA84450507}.Debug|x64.Build.0 = Debug|Any CPU
		{A8E0C9DB-D524-4987-8A15-0CDA84450507}.Debug|x86.ActiveCfg = Debug|Any CPU
		{A8E0C9DB-D524-4987-8A15-0CDA84450507}.Debug|x86.Build.0 = Debug|Any CPU
		{A8E0C9DB-D524-4987-8A15-0CDA84450507}.Release|Any CPU.ActiveCfg = Release|Any CPU
		{A8E0C9DB-D524-4987-8A15-0CDA84450507}.Release|Any CPU.Build.0 = Release|Any CPU
		{A8E0C9DB-D524-4987-8A15-0CDA84450507}.Release|x64.ActiveCfg = Release|Any CPU
		{A8E0C9DB-D524-4987-8A15-0CDA84450507}.Release|x64.Build.0 = Release|Any CPU
		{A8E0C9DB-D524-4987-8A15-0CDA84450507}.Release|x86.ActiveCfg = Release|Any CPU
		{A8E0C9DB-D524-4987-8A15-0CDA84450507}.Release|x86.Build.0 = Release|Any CPU
		{40D14890-F646-40C2-A178-CC592A801FDE}.Debug|Any CPU.ActiveCfg = Debug|Any CPU
		{40D14890-F646-40C2-A178-CC592A801FDE}.Debug|Any CPU.Build.0 = Debug|Any CPU
		{40D14890-F646-40C2-A178-CC592A801FDE}.Debug|x64.ActiveCfg = Debug|Any CPU
		{40D14890-F646-40C2-A178-CC592A801FDE}.Debug|x64.Build.0 = Debug|Any CPU
		{40D14890-F646-40C2-A178-CC592A801FDE}.Debug|x86.ActiveCfg = Debug|Any CPU
		{40D14890-F646-40C2-A178-CC592A801FDE}.Debug|x86.Build.0 = Debug|Any CPU
		{40D14890-F646-40C2-A178-CC592A801FDE}.Release|Any CPU.ActiveCfg = Release|Any CPU
		{40D14890-F646-40C2-A178-CC592A801FDE}.Release|Any CPU.Build.0 = Release|Any CPU
		{40D14890-F646-40C2-A178-CC592A801FDE}.Release|x64.ActiveCfg = Release|Any CPU
		{40D14890-F646-40C2-A178-CC592A801FDE}.Release|x64.Build.0 = Release|Any CPU
		{40D14890-F646-40C2-A178-CC592A801FDE}.Release|x86.ActiveCfg = Release|Any CPU
		{40D14890-F646-40C2-A178-CC592A801FDE}.Release|x86.Build.0 = Release|Any CPU
		{B7ECFD8D-E3B8-4F78-916D-CE26F67CCB30}.Debug|Any CPU.ActiveCfg = Debug|Any CPU
		{B7ECFD8D-E3B8-4F78-916D-CE26F67CCB30}.Debug|Any CPU.Build.0 = Debug|Any CPU
		{B7ECFD8D-E3B8-4F78-916D-CE26F67CCB30}.Debug|x64.ActiveCfg = Debug|Any CPU
		{B7ECFD8D-E3B8-4F78-916D-CE26F67CCB30}.Debug|x64.Build.0 = Debug|Any CPU
		{B7ECFD8D-E3B8-4F78-916D-CE26F67CCB30}.Debug|x86.ActiveCfg = Debug|Any CPU
		{B7ECFD8D-E3B8-4F78-916D-CE26F67CCB30}.Debug|x86.Build.0 = Debug|Any CPU
		{B7ECFD8D-E3B8-4F78-916D-CE26F67CCB30}.Release|Any CPU.ActiveCfg = Release|Any CPU
		{B7ECFD8D-E3B8-4F78-916D-CE26F67CCB30}.Release|Any CPU.Build.0 = Release|Any CPU
		{B7ECFD8D-E3B8-4F78-916D-CE26F67CCB30}.Release|x64.ActiveCfg = Release|Any CPU
		{B7ECFD8D-E3B8-4F78-916D-CE26F67CCB30}.Release|x64.Build.0 = Release|Any CPU
		{B7ECFD8D-E3B8-4F78-916D-CE26F67CCB30}.Release|x86.ActiveCfg = Release|Any CPU
		{B7ECFD8D-E3B8-4F78-916D-CE26F67CCB30}.Release|x86.Build.0 = Release|Any CPU
		{1347176F-9124-45B1-AED7-636357667249}.Debug|Any CPU.ActiveCfg = Debug|Any CPU
		{1347176F-9124-45B1-AED7-636357667249}.Debug|Any CPU.Build.0 = Debug|Any CPU
		{1347176F-9124-45B1-AED7-636357667249}.Debug|x64.ActiveCfg = Debug|Any CPU
		{1347176F-9124-45B1-AED7-636357667249}.Debug|x64.Build.0 = Debug|Any CPU
		{1347176F-9124-45B1-AED7-636357667249}.Debug|x86.ActiveCfg = Debug|Any CPU
		{1347176F-9124-45B1-AED7-636357667249}.Debug|x86.Build.0 = Debug|Any CPU
		{1347176F-9124-45B1-AED7-636357667249}.Release|Any CPU.ActiveCfg = Release|Any CPU
		{1347176F-9124-45B1-AED7-636357667249}.Release|Any CPU.Build.0 = Release|Any CPU
		{1347176F-9124-45B1-AED7-636357667249}.Release|x64.ActiveCfg = Release|Any CPU
		{1347176F-9124-45B1-AED7-636357667249}.Release|x64.Build.0 = Release|Any CPU
		{1347176F-9124-45B1-AED7-636357667249}.Release|x86.ActiveCfg = Release|Any CPU
		{1347176F-9124-45B1-AED7-636357667249}.Release|x86.Build.0 = Release|Any CPU
		{5E726C79-E2AC-4771-B68C-33E07263C64D}.Debug|Any CPU.ActiveCfg = Debug|Any CPU
		{5E726C79-E2AC-4771-B68C-33E07263C64D}.Debug|Any CPU.Build.0 = Debug|Any CPU
		{5E726C79-E2AC-4771-B68C-33E07263C64D}.Debug|x64.ActiveCfg = Debug|Any CPU
		{5E726C79-E2AC-4771-B68C-33E07263C64D}.Debug|x64.Build.0 = Debug|Any CPU
		{5E726C79-E2AC-4771-B68C-33E07263C64D}.Debug|x86.ActiveCfg = Debug|Any CPU
		{5E726C79-E2AC-4771-B68C-33E07263C64D}.Debug|x86.Build.0 = Debug|Any CPU
		{5E726C79-E2AC-4771-B68C-33E07263C64D}.Release|Any CPU.ActiveCfg = Release|Any CPU
		{5E726C79-E2AC-4771-B68C-33E07263C64D}.Release|Any CPU.Build.0 = Release|Any CPU
		{5E726C79-E2AC-4771-B68C-33E07263C64D}.Release|x64.ActiveCfg = Release|Any CPU
		{5E726C79-E2AC-4771-B68C-33E07263C64D}.Release|x64.Build.0 = Release|Any CPU
		{5E726C79-E2AC-4771-B68C-33E07263C64D}.Release|x86.ActiveCfg = Release|Any CPU
		{5E726C79-E2AC-4771-B68C-33E07263C64D}.Release|x86.Build.0 = Release|Any CPU
		{21789505-1138-4308-A9BF-D7B659834F0C}.Debug|Any CPU.ActiveCfg = Debug|Any CPU
		{21789505-1138-4308-A9BF-D7B659834F0C}.Debug|Any CPU.Build.0 = Debug|Any CPU
		{21789505-1138-4308-A9BF-D7B659834F0C}.Debug|x64.ActiveCfg = Debug|Any CPU
		{21789505-1138-4308-A9BF-D7B659834F0C}.Debug|x64.Build.0 = Debug|Any CPU
		{21789505-1138-4308-A9BF-D7B659834F0C}.Debug|x86.ActiveCfg = Debug|Any CPU
		{21789505-1138-4308-A9BF-D7B659834F0C}.Debug|x86.Build.0 = Debug|Any CPU
		{21789505-1138-4308-A9BF-D7B659834F0C}.Release|Any CPU.ActiveCfg = Release|Any CPU
		{21789505-1138-4308-A9BF-D7B659834F0C}.Release|Any CPU.Build.0 = Release|Any CPU
		{21789505-1138-4308-A9BF-D7B659834F0C}.Release|x64.ActiveCfg = Release|Any CPU
		{21789505-1138-4308-A9BF-D7B659834F0C}.Release|x64.Build.0 = Release|Any CPU
		{21789505-1138-4308-A9BF-D7B659834F0C}.Release|x86.ActiveCfg = Release|Any CPU
		{21789505-1138-4308-A9BF-D7B659834F0C}.Release|x86.Build.0 = Release|Any CPU
		{A9F04C7D-481E-485B-98F2-549D81EF5BA0}.Debug|Any CPU.ActiveCfg = Debug|Any CPU
		{A9F04C7D-481E-485B-98F2-549D81EF5BA0}.Debug|Any CPU.Build.0 = Debug|Any CPU
		{A9F04C7D-481E-485B-98F2-549D81EF5BA0}.Debug|x64.ActiveCfg = Debug|Any CPU
		{A9F04C7D-481E-485B-98F2-549D81EF5BA0}.Debug|x64.Build.0 = Debug|Any CPU
		{A9F04C7D-481E-485B-98F2-549D81EF5BA0}.Debug|x86.ActiveCfg = Debug|Any CPU
		{A9F04C7D-481E-485B-98F2-549D81EF5BA0}.Debug|x86.Build.0 = Debug|Any CPU
		{A9F04C7D-481E-485B-98F2-549D81EF5BA0}.Release|Any CPU.ActiveCfg = Release|Any CPU
		{A9F04C7D-481E-485B-98F2-549D81EF5BA0}.Release|Any CPU.Build.0 = Release|Any CPU
		{A9F04C7D-481E-485B-98F2-549D81EF5BA0}.Release|x64.ActiveCfg = Release|Any CPU
		{A9F04C7D-481E-485B-98F2-549D81EF5BA0}.Release|x64.Build.0 = Release|Any CPU
		{A9F04C7D-481E-485B-98F2-549D81EF5BA0}.Release|x86.ActiveCfg = Release|Any CPU
		{A9F04C7D-481E-485B-98F2-549D81EF5BA0}.Release|x86.Build.0 = Release|Any CPU
		{C57E3A35-DC80-4B9E-9A18-D4CB7BE8FFEE}.Debug|Any CPU.ActiveCfg = Debug|Any CPU
		{C57E3A35-DC80-4B9E-9A18-D4CB7BE8FFEE}.Debug|Any CPU.Build.0 = Debug|Any CPU
		{C57E3A35-DC80-4B9E-9A18-D4CB7BE8FFEE}.Debug|x64.ActiveCfg = Debug|Any CPU
		{C57E3A35-DC80-4B9E-9A18-D4CB7BE8FFEE}.Debug|x64.Build.0 = Debug|Any CPU
		{C57E3A35-DC80-4B9E-9A18-D4CB7BE8FFEE}.Debug|x86.ActiveCfg = Debug|Any CPU
		{C57E3A35-DC80-4B9E-9A18-D4CB7BE8FFEE}.Debug|x86.Build.0 = Debug|Any CPU
		{C57E3A35-DC80-4B9E-9A18-D4CB7BE8FFEE}.Release|Any CPU.ActiveCfg = Release|Any CPU
		{C57E3A35-DC80-4B9E-9A18-D4CB7BE8FFEE}.Release|Any CPU.Build.0 = Release|Any CPU
		{C57E3A35-DC80-4B9E-9A18-D4CB7BE8FFEE}.Release|x64.ActiveCfg = Release|Any CPU
		{C57E3A35-DC80-4B9E-9A18-D4CB7BE8FFEE}.Release|x64.Build.0 = Release|Any CPU
		{C57E3A35-DC80-4B9E-9A18-D4CB7BE8FFEE}.Release|x86.ActiveCfg = Release|Any CPU
		{C57E3A35-DC80-4B9E-9A18-D4CB7BE8FFEE}.Release|x86.Build.0 = Release|Any CPU
		{6E915F5E-9D08-4A20-A605-36DACB1E4806}.Debug|Any CPU.ActiveCfg = Debug|Any CPU
		{6E915F5E-9D08-4A20-A605-36DACB1E4806}.Debug|Any CPU.Build.0 = Debug|Any CPU
		{6E915F5E-9D08-4A20-A605-36DACB1E4806}.Debug|x64.ActiveCfg = Debug|Any CPU
		{6E915F5E-9D08-4A20-A605-36DACB1E4806}.Debug|x64.Build.0 = Debug|Any CPU
		{6E915F5E-9D08-4A20-A605-36DACB1E4806}.Debug|x86.ActiveCfg = Debug|Any CPU
		{6E915F5E-9D08-4A20-A605-36DACB1E4806}.Debug|x86.Build.0 = Debug|Any CPU
		{6E915F5E-9D08-4A20-A605-36DACB1E4806}.Release|Any CPU.ActiveCfg = Release|Any CPU
		{6E915F5E-9D08-4A20-A605-36DACB1E4806}.Release|Any CPU.Build.0 = Release|Any CPU
		{6E915F5E-9D08-4A20-A605-36DACB1E4806}.Release|x64.ActiveCfg = Release|Any CPU
		{6E915F5E-9D08-4A20-A605-36DACB1E4806}.Release|x64.Build.0 = Release|Any CPU
		{6E915F5E-9D08-4A20-A605-36DACB1E4806}.Release|x86.ActiveCfg = Release|Any CPU
		{6E915F5E-9D08-4A20-A605-36DACB1E4806}.Release|x86.Build.0 = Release|Any CPU
		{E91961D2-D23E-48E6-BCB0-16ADA8B6FA02}.Debug|Any CPU.ActiveCfg = Debug|Any CPU
		{E91961D2-D23E-48E6-BCB0-16ADA8B6FA02}.Debug|Any CPU.Build.0 = Debug|Any CPU
		{E91961D2-D23E-48E6-BCB0-16ADA8B6FA02}.Debug|x64.ActiveCfg = Debug|Any CPU
		{E91961D2-D23E-48E6-BCB0-16ADA8B6FA02}.Debug|x64.Build.0 = Debug|Any CPU
		{E91961D2-D23E-48E6-BCB0-16ADA8B6FA02}.Debug|x86.ActiveCfg = Debug|Any CPU
		{E91961D2-D23E-48E6-BCB0-16ADA8B6FA02}.Debug|x86.Build.0 = Debug|Any CPU
		{E91961D2-D23E-48E6-BCB0-16ADA8B6FA02}.Release|Any CPU.ActiveCfg = Release|Any CPU
		{E91961D2-D23E-48E6-BCB0-16ADA8B6FA02}.Release|Any CPU.Build.0 = Release|Any CPU
		{E91961D2-D23E-48E6-BCB0-16ADA8B6FA02}.Release|x64.ActiveCfg = Release|Any CPU
		{E91961D2-D23E-48E6-BCB0-16ADA8B6FA02}.Release|x64.Build.0 = Release|Any CPU
		{E91961D2-D23E-48E6-BCB0-16ADA8B6FA02}.Release|x86.ActiveCfg = Release|Any CPU
		{E91961D2-D23E-48E6-BCB0-16ADA8B6FA02}.Release|x86.Build.0 = Release|Any CPU
		{6F597BF9-D44E-422E-B361-AD02D51F07AC}.Debug|Any CPU.ActiveCfg = Debug|Any CPU
		{6F597BF9-D44E-422E-B361-AD02D51F07AC}.Debug|Any CPU.Build.0 = Debug|Any CPU
		{6F597BF9-D44E-422E-B361-AD02D51F07AC}.Debug|x64.ActiveCfg = Debug|Any CPU
		{6F597BF9-D44E-422E-B361-AD02D51F07AC}.Debug|x64.Build.0 = Debug|Any CPU
		{6F597BF9-D44E-422E-B361-AD02D51F07AC}.Debug|x86.ActiveCfg = Debug|Any CPU
		{6F597BF9-D44E-422E-B361-AD02D51F07AC}.Debug|x86.Build.0 = Debug|Any CPU
		{6F597BF9-D44E-422E-B361-AD02D51F07AC}.Release|Any CPU.ActiveCfg = Release|Any CPU
		{6F597BF9-D44E-422E-B361-AD02D51F07AC}.Release|Any CPU.Build.0 = Release|Any CPU
		{6F597BF9-D44E-422E-B361-AD02D51F07AC}.Release|x64.ActiveCfg = Release|Any CPU
		{6F597BF9-D44E-422E-B361-AD02D51F07AC}.Release|x64.Build.0 = Release|Any CPU
		{6F597BF9-D44E-422E-B361-AD02D51F07AC}.Release|x86.ActiveCfg = Release|Any CPU
		{6F597BF9-D44E-422E-B361-AD02D51F07AC}.Release|x86.Build.0 = Release|Any CPU
		{99CF02F9-0DCA-457B-9317-B8DBF4DBDC69}.Debug|Any CPU.ActiveCfg = Debug|Any CPU
		{99CF02F9-0DCA-457B-9317-B8DBF4DBDC69}.Debug|Any CPU.Build.0 = Debug|Any CPU
		{99CF02F9-0DCA-457B-9317-B8DBF4DBDC69}.Debug|x64.ActiveCfg = Debug|Any CPU
		{99CF02F9-0DCA-457B-9317-B8DBF4DBDC69}.Debug|x64.Build.0 = Debug|Any CPU
		{99CF02F9-0DCA-457B-9317-B8DBF4DBDC69}.Debug|x86.ActiveCfg = Debug|Any CPU
		{99CF02F9-0DCA-457B-9317-B8DBF4DBDC69}.Debug|x86.Build.0 = Debug|Any CPU
		{99CF02F9-0DCA-457B-9317-B8DBF4DBDC69}.Release|Any CPU.ActiveCfg = Release|Any CPU
		{99CF02F9-0DCA-457B-9317-B8DBF4DBDC69}.Release|Any CPU.Build.0 = Release|Any CPU
		{99CF02F9-0DCA-457B-9317-B8DBF4DBDC69}.Release|x64.ActiveCfg = Release|Any CPU
		{99CF02F9-0DCA-457B-9317-B8DBF4DBDC69}.Release|x64.Build.0 = Release|Any CPU
		{99CF02F9-0DCA-457B-9317-B8DBF4DBDC69}.Release|x86.ActiveCfg = Release|Any CPU
		{99CF02F9-0DCA-457B-9317-B8DBF4DBDC69}.Release|x86.Build.0 = Release|Any CPU
		{D09FD6E6-1EA4-4BCC-AC85-0CBD9C5F0653}.Debug|Any CPU.ActiveCfg = Debug|Any CPU
		{D09FD6E6-1EA4-4BCC-AC85-0CBD9C5F0653}.Debug|Any CPU.Build.0 = Debug|Any CPU
		{D09FD6E6-1EA4-4BCC-AC85-0CBD9C5F0653}.Debug|x64.ActiveCfg = Debug|Any CPU
		{D09FD6E6-1EA4-4BCC-AC85-0CBD9C5F0653}.Debug|x64.Build.0 = Debug|Any CPU
		{D09FD6E6-1EA4-4BCC-AC85-0CBD9C5F0653}.Debug|x86.ActiveCfg = Debug|Any CPU
		{D09FD6E6-1EA4-4BCC-AC85-0CBD9C5F0653}.Debug|x86.Build.0 = Debug|Any CPU
		{D09FD6E6-1EA4-4BCC-AC85-0CBD9C5F0653}.Release|Any CPU.ActiveCfg = Release|Any CPU
		{D09FD6E6-1EA4-4BCC-AC85-0CBD9C5F0653}.Release|Any CPU.Build.0 = Release|Any CPU
		{D09FD6E6-1EA4-4BCC-AC85-0CBD9C5F0653}.Release|x64.ActiveCfg = Release|Any CPU
		{D09FD6E6-1EA4-4BCC-AC85-0CBD9C5F0653}.Release|x64.Build.0 = Release|Any CPU
		{D09FD6E6-1EA4-4BCC-AC85-0CBD9C5F0653}.Release|x86.ActiveCfg = Release|Any CPU
		{D09FD6E6-1EA4-4BCC-AC85-0CBD9C5F0653}.Release|x86.Build.0 = Release|Any CPU
		{4FF57F4D-44F0-421E-B103-D5A6A1F8238C}.Debug|Any CPU.ActiveCfg = Debug|Any CPU
		{4FF57F4D-44F0-421E-B103-D5A6A1F8238C}.Debug|Any CPU.Build.0 = Debug|Any CPU
		{4FF57F4D-44F0-421E-B103-D5A6A1F8238C}.Debug|x64.ActiveCfg = Debug|Any CPU
		{4FF57F4D-44F0-421E-B103-D5A6A1F8238C}.Debug|x64.Build.0 = Debug|Any CPU
		{4FF57F4D-44F0-421E-B103-D5A6A1F8238C}.Debug|x86.ActiveCfg = Debug|Any CPU
		{4FF57F4D-44F0-421E-B103-D5A6A1F8238C}.Debug|x86.Build.0 = Debug|Any CPU
		{4FF57F4D-44F0-421E-B103-D5A6A1F8238C}.Release|Any CPU.ActiveCfg = Release|Any CPU
		{4FF57F4D-44F0-421E-B103-D5A6A1F8238C}.Release|Any CPU.Build.0 = Release|Any CPU
		{4FF57F4D-44F0-421E-B103-D5A6A1F8238C}.Release|x64.ActiveCfg = Release|Any CPU
		{4FF57F4D-44F0-421E-B103-D5A6A1F8238C}.Release|x64.Build.0 = Release|Any CPU
		{4FF57F4D-44F0-421E-B103-D5A6A1F8238C}.Release|x86.ActiveCfg = Release|Any CPU
		{4FF57F4D-44F0-421E-B103-D5A6A1F8238C}.Release|x86.Build.0 = Release|Any CPU
		{82286CC1-557E-46B5-8725-568EEED7C725}.Debug|Any CPU.ActiveCfg = Debug|Any CPU
		{82286CC1-557E-46B5-8725-568EEED7C725}.Debug|Any CPU.Build.0 = Debug|Any CPU
		{82286CC1-557E-46B5-8725-568EEED7C725}.Debug|x64.ActiveCfg = Debug|Any CPU
		{82286CC1-557E-46B5-8725-568EEED7C725}.Debug|x64.Build.0 = Debug|Any CPU
		{82286CC1-557E-46B5-8725-568EEED7C725}.Debug|x86.ActiveCfg = Debug|Any CPU
		{82286CC1-557E-46B5-8725-568EEED7C725}.Debug|x86.Build.0 = Debug|Any CPU
		{82286CC1-557E-46B5-8725-568EEED7C725}.Release|Any CPU.ActiveCfg = Release|Any CPU
		{82286CC1-557E-46B5-8725-568EEED7C725}.Release|Any CPU.Build.0 = Release|Any CPU
		{82286CC1-557E-46B5-8725-568EEED7C725}.Release|x64.ActiveCfg = Release|Any CPU
		{82286CC1-557E-46B5-8725-568EEED7C725}.Release|x64.Build.0 = Release|Any CPU
		{82286CC1-557E-46B5-8725-568EEED7C725}.Release|x86.ActiveCfg = Release|Any CPU
		{82286CC1-557E-46B5-8725-568EEED7C725}.Release|x86.Build.0 = Release|Any CPU
		{71F16060-95F4-44DF-839D-DF8D25B037D9}.Debug|Any CPU.ActiveCfg = Debug|Any CPU
		{71F16060-95F4-44DF-839D-DF8D25B037D9}.Debug|Any CPU.Build.0 = Debug|Any CPU
		{71F16060-95F4-44DF-839D-DF8D25B037D9}.Debug|x64.ActiveCfg = Debug|Any CPU
		{71F16060-95F4-44DF-839D-DF8D25B037D9}.Debug|x64.Build.0 = Debug|Any CPU
		{71F16060-95F4-44DF-839D-DF8D25B037D9}.Debug|x86.ActiveCfg = Debug|Any CPU
		{71F16060-95F4-44DF-839D-DF8D25B037D9}.Debug|x86.Build.0 = Debug|Any CPU
		{71F16060-95F4-44DF-839D-DF8D25B037D9}.Release|Any CPU.ActiveCfg = Release|Any CPU
		{71F16060-95F4-44DF-839D-DF8D25B037D9}.Release|Any CPU.Build.0 = Release|Any CPU
		{71F16060-95F4-44DF-839D-DF8D25B037D9}.Release|x64.ActiveCfg = Release|Any CPU
		{71F16060-95F4-44DF-839D-DF8D25B037D9}.Release|x64.Build.0 = Release|Any CPU
		{71F16060-95F4-44DF-839D-DF8D25B037D9}.Release|x86.ActiveCfg = Release|Any CPU
		{71F16060-95F4-44DF-839D-DF8D25B037D9}.Release|x86.Build.0 = Release|Any CPU
		{C3636D97-3FA2-4843-9AF6-EAF416DF0249}.Debug|Any CPU.ActiveCfg = Debug|Any CPU
		{C3636D97-3FA2-4843-9AF6-EAF416DF0249}.Debug|Any CPU.Build.0 = Debug|Any CPU
		{C3636D97-3FA2-4843-9AF6-EAF416DF0249}.Debug|x64.ActiveCfg = Debug|Any CPU
		{C3636D97-3FA2-4843-9AF6-EAF416DF0249}.Debug|x64.Build.0 = Debug|Any CPU
		{C3636D97-3FA2-4843-9AF6-EAF416DF0249}.Debug|x86.ActiveCfg = Debug|Any CPU
		{C3636D97-3FA2-4843-9AF6-EAF416DF0249}.Debug|x86.Build.0 = Debug|Any CPU
		{C3636D97-3FA2-4843-9AF6-EAF416DF0249}.Release|Any CPU.ActiveCfg = Release|Any CPU
		{C3636D97-3FA2-4843-9AF6-EAF416DF0249}.Release|Any CPU.Build.0 = Release|Any CPU
		{C3636D97-3FA2-4843-9AF6-EAF416DF0249}.Release|x64.ActiveCfg = Release|Any CPU
		{C3636D97-3FA2-4843-9AF6-EAF416DF0249}.Release|x64.Build.0 = Release|Any CPU
		{C3636D97-3FA2-4843-9AF6-EAF416DF0249}.Release|x86.ActiveCfg = Release|Any CPU
		{C3636D97-3FA2-4843-9AF6-EAF416DF0249}.Release|x86.Build.0 = Release|Any CPU
		{115D1F18-DB7F-462D-B6C1-B116173549C3}.Debug|Any CPU.ActiveCfg = Debug|Any CPU
		{115D1F18-DB7F-462D-B6C1-B116173549C3}.Debug|Any CPU.Build.0 = Debug|Any CPU
		{115D1F18-DB7F-462D-B6C1-B116173549C3}.Debug|x64.ActiveCfg = Debug|Any CPU
		{115D1F18-DB7F-462D-B6C1-B116173549C3}.Debug|x64.Build.0 = Debug|Any CPU
		{115D1F18-DB7F-462D-B6C1-B116173549C3}.Debug|x86.ActiveCfg = Debug|Any CPU
		{115D1F18-DB7F-462D-B6C1-B116173549C3}.Debug|x86.Build.0 = Debug|Any CPU
		{115D1F18-DB7F-462D-B6C1-B116173549C3}.Release|Any CPU.ActiveCfg = Release|Any CPU
		{115D1F18-DB7F-462D-B6C1-B116173549C3}.Release|Any CPU.Build.0 = Release|Any CPU
		{115D1F18-DB7F-462D-B6C1-B116173549C3}.Release|x64.ActiveCfg = Release|Any CPU
		{115D1F18-DB7F-462D-B6C1-B116173549C3}.Release|x64.Build.0 = Release|Any CPU
		{115D1F18-DB7F-462D-B6C1-B116173549C3}.Release|x86.ActiveCfg = Release|Any CPU
		{115D1F18-DB7F-462D-B6C1-B116173549C3}.Release|x86.Build.0 = Release|Any CPU
		{1EC833ED-B2B9-43EF-95CF-8F4863D5FB08}.Debug|Any CPU.ActiveCfg = Debug|Any CPU
		{1EC833ED-B2B9-43EF-95CF-8F4863D5FB08}.Debug|Any CPU.Build.0 = Debug|Any CPU
		{1EC833ED-B2B9-43EF-95CF-8F4863D5FB08}.Debug|x64.ActiveCfg = Debug|Any CPU
		{1EC833ED-B2B9-43EF-95CF-8F4863D5FB08}.Debug|x64.Build.0 = Debug|Any CPU
		{1EC833ED-B2B9-43EF-95CF-8F4863D5FB08}.Debug|x86.ActiveCfg = Debug|Any CPU
		{1EC833ED-B2B9-43EF-95CF-8F4863D5FB08}.Debug|x86.Build.0 = Debug|Any CPU
		{1EC833ED-B2B9-43EF-95CF-8F4863D5FB08}.Release|Any CPU.ActiveCfg = Release|Any CPU
		{1EC833ED-B2B9-43EF-95CF-8F4863D5FB08}.Release|Any CPU.Build.0 = Release|Any CPU
		{1EC833ED-B2B9-43EF-95CF-8F4863D5FB08}.Release|x64.ActiveCfg = Release|Any CPU
		{1EC833ED-B2B9-43EF-95CF-8F4863D5FB08}.Release|x64.Build.0 = Release|Any CPU
		{1EC833ED-B2B9-43EF-95CF-8F4863D5FB08}.Release|x86.ActiveCfg = Release|Any CPU
		{1EC833ED-B2B9-43EF-95CF-8F4863D5FB08}.Release|x86.Build.0 = Release|Any CPU
		{B7EC4EDD-851E-45CE-8B52-75E887003399}.Debug|Any CPU.ActiveCfg = Debug|Any CPU
		{B7EC4EDD-851E-45CE-8B52-75E887003399}.Debug|Any CPU.Build.0 = Debug|Any CPU
		{B7EC4EDD-851E-45CE-8B52-75E887003399}.Debug|x64.ActiveCfg = Debug|Any CPU
		{B7EC4EDD-851E-45CE-8B52-75E887003399}.Debug|x64.Build.0 = Debug|Any CPU
		{B7EC4EDD-851E-45CE-8B52-75E887003399}.Debug|x86.ActiveCfg = Debug|Any CPU
		{B7EC4EDD-851E-45CE-8B52-75E887003399}.Debug|x86.Build.0 = Debug|Any CPU
		{B7EC4EDD-851E-45CE-8B52-75E887003399}.Release|Any CPU.ActiveCfg = Release|Any CPU
		{B7EC4EDD-851E-45CE-8B52-75E887003399}.Release|Any CPU.Build.0 = Release|Any CPU
		{B7EC4EDD-851E-45CE-8B52-75E887003399}.Release|x64.ActiveCfg = Release|Any CPU
		{B7EC4EDD-851E-45CE-8B52-75E887003399}.Release|x64.Build.0 = Release|Any CPU
		{B7EC4EDD-851E-45CE-8B52-75E887003399}.Release|x86.ActiveCfg = Release|Any CPU
		{B7EC4EDD-851E-45CE-8B52-75E887003399}.Release|x86.Build.0 = Release|Any CPU
		{AD721340-7616-48E0-B1F2-BAB9D8BAA485}.Debug|Any CPU.ActiveCfg = Debug|Any CPU
		{AD721340-7616-48E0-B1F2-BAB9D8BAA485}.Debug|Any CPU.Build.0 = Debug|Any CPU
		{AD721340-7616-48E0-B1F2-BAB9D8BAA485}.Debug|x64.ActiveCfg = Debug|Any CPU
		{AD721340-7616-48E0-B1F2-BAB9D8BAA485}.Debug|x64.Build.0 = Debug|Any CPU
		{AD721340-7616-48E0-B1F2-BAB9D8BAA485}.Debug|x86.ActiveCfg = Debug|Any CPU
		{AD721340-7616-48E0-B1F2-BAB9D8BAA485}.Debug|x86.Build.0 = Debug|Any CPU
		{AD721340-7616-48E0-B1F2-BAB9D8BAA485}.Release|Any CPU.ActiveCfg = Release|Any CPU
		{AD721340-7616-48E0-B1F2-BAB9D8BAA485}.Release|Any CPU.Build.0 = Release|Any CPU
		{AD721340-7616-48E0-B1F2-BAB9D8BAA485}.Release|x64.ActiveCfg = Release|Any CPU
		{AD721340-7616-48E0-B1F2-BAB9D8BAA485}.Release|x64.Build.0 = Release|Any CPU
		{AD721340-7616-48E0-B1F2-BAB9D8BAA485}.Release|x86.ActiveCfg = Release|Any CPU
		{AD721340-7616-48E0-B1F2-BAB9D8BAA485}.Release|x86.Build.0 = Release|Any CPU
	EndGlobalSection
	GlobalSection(SolutionProperties) = preSolution
		HideSolutionNode = FALSE
	EndGlobalSection
	GlobalSection(NestedProjects) = preSolution
		{DB667254-9B0B-4DFD-A3B8-338450075CCC} = {5537B4B0-58EC-4114-81FD-FF746DD37CBC}
		{52E863DF-E085-4B69-A801-5380826D9A19} = {5537B4B0-58EC-4114-81FD-FF746DD37CBC}
		{54146D70-DF2F-4A82-8905-AB2FB727510B} = {5537B4B0-58EC-4114-81FD-FF746DD37CBC}
		{50467727-CCA7-484B-B811-8E364C12B236} = {5537B4B0-58EC-4114-81FD-FF746DD37CBC}
		{5AB47785-2D01-4D63-8D5F-41554BE2AAB0} = {5537B4B0-58EC-4114-81FD-FF746DD37CBC}
		{F9397EEB-40F3-4332-AC46-5E2475543D01} = {5537B4B0-58EC-4114-81FD-FF746DD37CBC}
		{3B8FA757-7FC9-4E13-B5F8-96FBBB07CFAB} = {5537B4B0-58EC-4114-81FD-FF746DD37CBC}
		{A8E0C9DB-D524-4987-8A15-0CDA84450507} = {5537B4B0-58EC-4114-81FD-FF746DD37CBC}
		{40D14890-F646-40C2-A178-CC592A801FDE} = {5537B4B0-58EC-4114-81FD-FF746DD37CBC}
		{B7ECFD8D-E3B8-4F78-916D-CE26F67CCB30} = {5537B4B0-58EC-4114-81FD-FF746DD37CBC}
		{1347176F-9124-45B1-AED7-636357667249} = {5537B4B0-58EC-4114-81FD-FF746DD37CBC}
		{5E726C79-E2AC-4771-B68C-33E07263C64D} = {B9711587-6B15-4186-AE0C-41A55AD9DC23}
		{21789505-1138-4308-A9BF-D7B659834F0C} = {B9711587-6B15-4186-AE0C-41A55AD9DC23}
		{A9F04C7D-481E-485B-98F2-549D81EF5BA0} = {D77AAE28-F4BE-48EF-B8E3-226BE905C457}
		{C57E3A35-DC80-4B9E-9A18-D4CB7BE8FFEE} = {D77AAE28-F4BE-48EF-B8E3-226BE905C457}
		{6E915F5E-9D08-4A20-A605-36DACB1E4806} = {D77AAE28-F4BE-48EF-B8E3-226BE905C457}
		{E91961D2-D23E-48E6-BCB0-16ADA8B6FA02} = {D77AAE28-F4BE-48EF-B8E3-226BE905C457}
		{6F597BF9-D44E-422E-B361-AD02D51F07AC} = {D77AAE28-F4BE-48EF-B8E3-226BE905C457}
		{99CF02F9-0DCA-457B-9317-B8DBF4DBDC69} = {D77AAE28-F4BE-48EF-B8E3-226BE905C457}
		{D09FD6E6-1EA4-4BCC-AC85-0CBD9C5F0653} = {D77AAE28-F4BE-48EF-B8E3-226BE905C457}
		{4FF57F4D-44F0-421E-B103-D5A6A1F8238C} = {D77AAE28-F4BE-48EF-B8E3-226BE905C457}
		{82286CC1-557E-46B5-8725-568EEED7C725} = {D77AAE28-F4BE-48EF-B8E3-226BE905C457}
		{71F16060-95F4-44DF-839D-DF8D25B037D9} = {D77AAE28-F4BE-48EF-B8E3-226BE905C457}
		{C3636D97-3FA2-4843-9AF6-EAF416DF0249} = {5537B4B0-58EC-4114-81FD-FF746DD37CBC}
		{115D1F18-DB7F-462D-B6C1-B116173549C3} = {5537B4B0-58EC-4114-81FD-FF746DD37CBC}
		{1EC833ED-B2B9-43EF-95CF-8F4863D5FB08} = {5537B4B0-58EC-4114-81FD-FF746DD37CBC}
		{B7EC4EDD-851E-45CE-8B52-75E887003399} = {D77AAE28-F4BE-48EF-B8E3-226BE905C457}
		{AD721340-7616-48E0-B1F2-BAB9D8BAA485} = {5537B4B0-58EC-4114-81FD-FF746DD37CBC}
	EndGlobalSection
	GlobalSection(ExtensibilityGlobals) = postSolution
		SolutionGuid = {B217AD8F-D412-4010-BBF8-57A9DE29307F}
	EndGlobalSection
EndGlobal
